
Microsoft Visual Studio Solution File, Format Version 12.00
# Visual Studio Version 16
VisualStudioVersion = 16.0.30011.22
MinimumVisualStudioVersion = 10.0.40219.1
Project("{FAE04EC0-301F-11D3-BF4B-00C04F79EFBC}") = "Advent-of-code-d1-1", "Advent-of-code-d1-1.csproj", "{EDECC5AE-7E07-4712-B3FF-E6929AF69492}"
EndProject
Global
	GlobalSection(SolutionConfigurationPlatforms) = preSolution
		Debug|Any CPU = Debug|Any CPU
		Release|Any CPU = Release|Any CPU
	EndGlobalSection
	GlobalSection(ProjectConfigurationPlatforms) = postSolution
		{EDECC5AE-7E07-4712-B3FF-E6929AF69492}.Debug|Any CPU.ActiveCfg = Debug|Any CPU
		{EDECC5AE-7E07-4712-B3FF-E6929AF69492}.Debug|Any CPU.Build.0 = Debug|Any CPU
		{EDECC5AE-7E07-4712-B3FF-E6929AF69492}.Release|Any CPU.ActiveCfg = Release|Any CPU
		{EDECC5AE-7E07-4712-B3FF-E6929AF69492}.Release|Any CPU.Build.0 = Release|Any CPU
	EndGlobalSection
	GlobalSection(SolutionProperties) = preSolution
		HideSolutionNode = FALSE
	EndGlobalSection
	GlobalSection(ExtensibilityGlobals) = postSolution
		SolutionGuid = {8EFE5390-9512-4322-B5DE-75DCBC800E97}
	EndGlobalSection
EndGlobal
